
Microsoft Visual Studio Solution File, Format Version 12.00
# Visual Studio 14
VisualStudioVersion = 14.0.25123.0
MinimumVisualStudioVersion = 10.0.40219.1
Project("{FAE04EC0-301F-11D3-BF4B-00C04F79EFBC}") = "BasinService64.Dtos", "BasinService64.Dtos\BasinService64.Dtos.csproj", "{06FDA52A-A889-4B3F-9FE1-2A7317CB0AB5}"
EndProject
Project("{FAE04EC0-301F-11D3-BF4B-00C04F79EFBC}") = "BasinService64.Contracts", "BasinService64.Contracts\BasinService64.Contracts.csproj", "{26DB0070-F43D-4FD9-9DB5-3F568061E65F}"
EndProject
Global
	GlobalSection(SolutionConfigurationPlatforms) = preSolution
		Debug|Any CPU = Debug|Any CPU
		Release|Any CPU = Release|Any CPU
	EndGlobalSection
	GlobalSection(ProjectConfigurationPlatforms) = postSolution
		{06FDA52A-A889-4B3F-9FE1-2A7317CB0AB5}.Debug|Any CPU.ActiveCfg = Debug|Any CPU
		{06FDA52A-A889-4B3F-9FE1-2A7317CB0AB5}.Debug|Any CPU.Build.0 = Debug|Any CPU
		{06FDA52A-A889-4B3F-9FE1-2A7317CB0AB5}.Release|Any CPU.ActiveCfg = Release|Any CPU
		{06FDA52A-A889-4B3F-9FE1-2A7317CB0AB5}.Release|Any CPU.Build.0 = Release|Any CPU
		{26DB0070-F43D-4FD9-9DB5-3F568061E65F}.Debug|Any CPU.ActiveCfg = Debug|Any CPU
		{26DB0070-F43D-4FD9-9DB5-3F568061E65F}.Debug|Any CPU.Build.0 = Debug|Any CPU
		{26DB0070-F43D-4FD9-9DB5-3F568061E65F}.Release|Any CPU.ActiveCfg = Release|Any CPU
		{26DB0070-F43D-4FD9-9DB5-3F568061E65F}.Release|Any CPU.Build.0 = Release|Any CPU
	EndGlobalSection
	GlobalSection(SolutionProperties) = preSolution
		HideSolutionNode = FALSE
	EndGlobalSection
EndGlobal
